
Microsoft Visual Studio Solution File, Format Version 12.00
# Visual Studio 2012
Project("{F2A71F9B-5D33-465A-A702-920D77279786}") = "LeapTrayApplication", "LeapTrayApplication\LeapTrayApplication.fsproj", "{28CF6E2A-FDF8-4A8C-A7E8-C36D568A69E2}"
EndProject
Global
	GlobalSection(SolutionConfigurationPlatforms) = preSolution
		Debug|Any CPU = Debug|Any CPU
		Playback Debug|Any CPU = Playback Debug|Any CPU
		Record Debug|Any CPU = Record Debug|Any CPU
		Release|Any CPU = Release|Any CPU
	EndGlobalSection
	GlobalSection(ProjectConfigurationPlatforms) = postSolution
		{28CF6E2A-FDF8-4A8C-A7E8-C36D568A69E2}.Debug|Any CPU.ActiveCfg = Debug|Any CPU
		{28CF6E2A-FDF8-4A8C-A7E8-C36D568A69E2}.Debug|Any CPU.Build.0 = Debug|Any CPU
		{28CF6E2A-FDF8-4A8C-A7E8-C36D568A69E2}.Playback Debug|Any CPU.ActiveCfg = Playback Debug|Any CPU
		{28CF6E2A-FDF8-4A8C-A7E8-C36D568A69E2}.Playback Debug|Any CPU.Build.0 = Playback Debug|Any CPU
		{28CF6E2A-FDF8-4A8C-A7E8-C36D568A69E2}.Record Debug|Any CPU.ActiveCfg = Record Debug|Any CPU
		{28CF6E2A-FDF8-4A8C-A7E8-C36D568A69E2}.Record Debug|Any CPU.Build.0 = Record Debug|Any CPU
		{28CF6E2A-FDF8-4A8C-A7E8-C36D568A69E2}.Release|Any CPU.ActiveCfg = Release|Any CPU
		{28CF6E2A-FDF8-4A8C-A7E8-C36D568A69E2}.Release|Any CPU.Build.0 = Release|Any CPU
	EndGlobalSection
	GlobalSection(SolutionProperties) = preSolution
		HideSolutionNode = FALSE
	EndGlobalSection
EndGlobal
